{
  "lockfileVersion": 1,
  "configVersion": 1,
  "workspaces": {
    "": {
      "dependencies": {
        "@opencode-ai/plugin": "1.3.6",
      },
    },
  },
  "packages": {
    "@opencode-ai/plugin": ["@opencode-ai/plugin@1.3.6", "", { "dependencies": { "@opencode-ai/sdk": "1.3.6", "zod": "4.1.8" }, "peerDependencies": { "@opentui/core": ">=0.1.92", "@opentui/solid": ">=0.1.92" }, "optionalPeers": ["@opentui/core", "@opentui/solid"] }, "sha512-u198ug1P/CO1BsxoNy1m94tzttuFF6E9GqTv83nFOVsAk5XL67TwM7oqiKZ+soXtecxDBiPSvq7EppwAaEXflw=="],

    "@opencode-ai/sdk": ["@opencode-ai/sdk@1.3.6", "", {}, "sha512-9hSMEGSSL3iPXs3g3J+mHE1PKZL7fEnur/Mog1K48w+Dfkqi0E0FzGtW0dJDTcrmlkCgtUMGSw9COURlM5X78g=="],

    "zod": ["zod@4.1.8", "", {}, "sha512-5R1P+WwQqmmMIEACyzSvo4JXHY5WiAFHRMg+zBZKgKS+Q1viRa0C1hmUKtHltoIFKtIdki3pRxkmpP74jnNYHQ=="],
  }
}
